
Microsoft Visual Studio Solution File, Format Version 12.00
# Visual Studio Version 16
VisualStudioVersion = 16.0.29728.190
MinimumVisualStudioVersion = 10.0.40219.1
Project("{FAE04EC0-301F-11D3-BF4B-00C04F79EFBC}") = "Exercise4", "Exercise4\Exercise4.csproj", "{413413D0-5B1E-4F37-ABCB-793206BCA3E6}"
EndProject
Global
	GlobalSection(SolutionConfigurationPlatforms) = preSolution
		Debug|Any CPU = Debug|Any CPU
		Release|Any CPU = Release|Any CPU
	EndGlobalSection
	GlobalSection(ProjectConfigurationPlatforms) = postSolution
		{413413D0-5B1E-4F37-ABCB-793206BCA3E6}.Debug|Any CPU.ActiveCfg = Debug|Any CPU
		{413413D0-5B1E-4F37-ABCB-793206BCA3E6}.Debug|Any CPU.Build.0 = Debug|Any CPU
		{413413D0-5B1E-4F37-ABCB-793206BCA3E6}.Release|Any CPU.ActiveCfg = Release|Any CPU
		{413413D0-5B1E-4F37-ABCB-793206BCA3E6}.Release|Any CPU.Build.0 = Release|Any CPU
	EndGlobalSection
	GlobalSection(SolutionProperties) = preSolution
		HideSolutionNode = FALSE
	EndGlobalSection
	GlobalSection(ExtensibilityGlobals) = postSolution
		SolutionGuid = {0937F4E4-39FC-40D5-AAFE-7FA9C7609F02}
	EndGlobalSection
EndGlobal
